github.com/hungarofit/evaluator v1.0.1-0.20230714224819-05419f6ee700 h1:OMXXOM1GRG68d9F4kseQXhum57SOrTk2iwhTEDT1Tzs=
github.com/hungarofit/evaluator v1.0.1-0.20230714224819-05419f6ee700/go.mod h1:iG7jR813xSxGCNr/ckxkOm94dfwyZuveBR2mRymUrSM=
github.com/hungarofit/evaluator v1.0.1-0.20230716032605-9263174be342 h1:IcwOg7th2arWXez46G/tqTRqB96DqA3BFUmHAEtYsaU=
github.com/hungarofit/evaluator v1.0.1-0.20230716032605-9263174be342/go.mod h1:iG7jR813xSxGCNr/ckxkOm94dfwyZuveBR2mRymUrSM=
github.com/hungarofit/evaluator v1.0.1-0.20230716033425-ebcf0bd0ed38 h1:wjkC3pS7yKLvkOo5kWAU9XPKQFqJ+JFk2rzGenLkAvk=
github.com/hungarofit/evaluator v1.0.1-0.20230716033425-ebcf0bd0ed38/go.mod h1:iG7jR813xSxGCNr/ckxkOm94dfwyZuveBR2mRymUrSM=
github.com/hungarofit/evaluator v1.0.1-0.20230716033729-c08cbd43417d h1:Rldg4rugVSG/cE+8v9Skkzipnw8vDdAJoAB9b0CFSnM=
github.com/hungarofit/evaluator v1.0.1-0.20230716033729-c08cbd43417d/go.mod h1:iG7jR813xSxGCNr/ckxkOm94dfwyZuveBR2mRymUrSM=
